
Microsoft Visual Studio Solution File, Format Version 12.00
# Visual Studio Version 16
VisualStudioVersion = 16.0.30114.128
MinimumVisualStudioVersion = 10.0.40219.1
Project("{2150E333-8FDC-42A3-9474-1A3956D46DE8}") = "Solution Items", "Solution Items", "{C6F59962-F04E-4FE6-95E8-B8E8E3CCC523}"
	ProjectSection(SolutionItems) = preProject
		DDD1.sln.vsspell = DDD1.sln.vsspell
	EndProjectSection
EndProject
Project("{9A19103F-16F7-4668-BE54-9A1E7A4F7556}") = "DDD1.Core", "DDD1.Core\DDD1.Core.csproj", "{0E4A2921-C99D-4815-93EC-3BD9026B0F04}"
EndProject
Project("{9A19103F-16F7-4668-BE54-9A1E7A4F7556}") = "DDD1.Storage.LiteDbRepository", "DDD1.Storage.LiteDbRepository\DDD1.Storage.LiteDbRepository.csproj", "{4A510004-F9C4-40A5-AE8F-1082BE08F84C}"
EndProject
Project("{9A19103F-16F7-4668-BE54-9A1E7A4F7556}") = "DDD1.Test.Core.Storage.LiteDb", "DDD1.Test.Core.Storage.LiteDb\DDD1.Test.Core.Storage.LiteDb.csproj", "{37BF91AE-F546-414C-89A7-D73035CBA750}"
EndProject
Project("{FAE04EC0-301F-11D3-BF4B-00C04F79EFBC}") = "DDD1.UI.Uwp2004", "DDD1.UI.Uwp2004\DDD1.UI.Uwp2004.csproj", "{EC4BBBB7-FDA0-4B9A-B750-2B3E9D68DD31}"
EndProject
Global
	GlobalSection(SolutionConfigurationPlatforms) = preSolution
		Debug|Any CPU = Debug|Any CPU
		Debug|ARM = Debug|ARM
		Debug|ARM64 = Debug|ARM64
		Debug|x64 = Debug|x64
		Debug|x86 = Debug|x86
		Release|Any CPU = Release|Any CPU
		Release|ARM = Release|ARM
		Release|ARM64 = Release|ARM64
		Release|x64 = Release|x64
		Release|x86 = Release|x86
	EndGlobalSection
	GlobalSection(ProjectConfigurationPlatforms) = postSolution
		{0E4A2921-C99D-4815-93EC-3BD9026B0F04}.Debug|Any CPU.ActiveCfg = Debug|Any CPU
		{0E4A2921-C99D-4815-93EC-3BD9026B0F04}.Debug|Any CPU.Build.0 = Debug|Any CPU
		{0E4A2921-C99D-4815-93EC-3BD9026B0F04}.Debug|ARM.ActiveCfg = Debug|Any CPU
		{0E4A2921-C99D-4815-93EC-3BD9026B0F04}.Debug|ARM.Build.0 = Debug|Any CPU
		{0E4A2921-C99D-4815-93EC-3BD9026B0F04}.Debug|ARM64.ActiveCfg = Debug|Any CPU
		{0E4A2921-C99D-4815-93EC-3BD9026B0F04}.Debug|ARM64.Build.0 = Debug|Any CPU
		{0E4A2921-C99D-4815-93EC-3BD9026B0F04}.Debug|x64.ActiveCfg = Debug|Any CPU
		{0E4A2921-C99D-4815-93EC-3BD9026B0F04}.Debug|x64.Build.0 = Debug|Any CPU
		{0E4A2921-C99D-4815-93EC-3BD9026B0F04}.Debug|x86.ActiveCfg = Debug|Any CPU
		{0E4A2921-C99D-4815-93EC-3BD9026B0F04}.Debug|x86.Build.0 = Debug|Any CPU
		{0E4A2921-C99D-4815-93EC-3BD9026B0F04}.Release|Any CPU.ActiveCfg = Release|Any CPU
		{0E4A2921-C99D-4815-93EC-3BD9026B0F04}.Release|Any CPU.Build.0 = Release|Any CPU
		{0E4A2921-C99D-4815-93EC-3BD9026B0F04}.Release|ARM.ActiveCfg = Release|Any CPU
		{0E4A2921-C99D-4815-93EC-3BD9026B0F04}.Release|ARM.Build.0 = Release|Any CPU
		{0E4A2921-C99D-4815-93EC-3BD9026B0F04}.Release|ARM64.ActiveCfg = Release|Any CPU
		{0E4A2921-C99D-4815-93EC-3BD9026B0F04}.Release|ARM64.Build.0 = Release|Any CPU
		{0E4A2921-C99D-4815-93EC-3BD9026B0F04}.Release|x64.ActiveCfg = Release|Any CPU
		{0E4A2921-C99D-4815-93EC-3BD9026B0F04}.Release|x64.Build.0 = Release|Any CPU
		{0E4A2921-C99D-4815-93EC-3BD9026B0F04}.Release|x86.ActiveCfg = Release|Any CPU
		{0E4A2921-C99D-4815-93EC-3BD9026B0F04}.Release|x86.Build.0 = Release|Any CPU
		{4A510004-F9C4-40A5-AE8F-1082BE08F84C}.Debug|Any CPU.ActiveCfg = Debug|Any CPU
		{4A510004-F9C4-40A5-AE8F-1082BE08F84C}.Debug|Any CPU.Build.0 = Debug|Any CPU
		{4A510004-F9C4-40A5-AE8F-1082BE08F84C}.Debug|ARM.ActiveCfg = Debug|Any CPU
		{4A510004-F9C4-40A5-AE8F-1082BE08F84C}.Debug|ARM.Build.0 = Debug|Any CPU
		{4A510004-F9C4-40A5-AE8F-1082BE08F84C}.Debug|ARM64.ActiveCfg = Debug|Any CPU
		{4A510004-F9C4-40A5-AE8F-1082BE08F84C}.Debug|ARM64.Build.0 = Debug|Any CPU
		{4A510004-F9C4-40A5-AE8F-1082BE08F84C}.Debug|x64.ActiveCfg = Debug|Any CPU
		{4A510004-F9C4-40A5-AE8F-1082BE08F84C}.Debug|x64.Build.0 = Debug|Any CPU
		{4A510004-F9C4-40A5-AE8F-1082BE08F84C}.Debug|x86.ActiveCfg = Debug|Any CPU
		{4A510004-F9C4-40A5-AE8F-1082BE08F84C}.Debug|x86.Build.0 = Debug|Any CPU
		{4A510004-F9C4-40A5-AE8F-1082BE08F84C}.Release|Any CPU.ActiveCfg = Release|Any CPU
		{4A510004-F9C4-40A5-AE8F-1082BE08F84C}.Release|Any CPU.Build.0 = Release|Any CPU
		{4A510004-F9C4-40A5-AE8F-1082BE08F84C}.Release|ARM.ActiveCfg = Release|Any CPU
		{4A510004-F9C4-40A5-AE8F-1082BE08F84C}.Release|ARM.Build.0 = Release|Any CPU
		{4A510004-F9C4-40A5-AE8F-1082BE08F84C}.Release|ARM64.ActiveCfg = Release|Any CPU
		{4A510004-F9C4-40A5-AE8F-1082BE08F84C}.Release|ARM64.Build.0 = Release|Any CPU
		{4A510004-F9C4-40A5-AE8F-1082BE08F84C}.Release|x64.ActiveCfg = Release|Any CPU
		{4A510004-F9C4-40A5-AE8F-1082BE08F84C}.Release|x64.Build.0 = Release|Any CPU
		{4A510004-F9C4-40A5-AE8F-1082BE08F84C}.Release|x86.ActiveCfg = Release|Any CPU
		{4A510004-F9C4-40A5-AE8F-1082BE08F84C}.Release|x86.Build.0 = Release|Any CPU
		{37BF91AE-F546-414C-89A7-D73035CBA750}.Debug|Any CPU.ActiveCfg = Debug|Any CPU
		{37BF91AE-F546-414C-89A7-D73035CBA750}.Debug|Any CPU.Build.0 = Debug|Any CPU
		{37BF91AE-F546-414C-89A7-D73035CBA750}.Debug|ARM.ActiveCfg = Debug|Any CPU
		{37BF91AE-F546-414C-89A7-D73035CBA750}.Debug|ARM.Build.0 = Debug|Any CPU
		{37BF91AE-F546-414C-89A7-D73035CBA750}.Debug|ARM64.ActiveCfg = Debug|Any CPU
		{37BF91AE-F546-414C-89A7-D73035CBA750}.Debug|ARM64.Build.0 = Debug|Any CPU
		{37BF91AE-F546-414C-89A7-D73035CBA750}.Debug|x64.ActiveCfg = Debug|Any CPU
		{37BF91AE-F546-414C-89A7-D73035CBA750}.Debug|x64.Build.0 = Debug|Any CPU
		{37BF91AE-F546-414C-89A7-D73035CBA750}.Debug|x86.ActiveCfg = Debug|Any CPU
		{37BF91AE-F546-414C-89A7-D73035CBA750}.Debug|x86.Build.0 = Debug|Any CPU
		{37BF91AE-F546-414C-89A7-D73035CBA750}.Release|Any CPU.ActiveCfg = Release|Any CPU
		{37BF91AE-F546-414C-89A7-D73035CBA750}.Release|Any CPU.Build.0 = Release|Any CPU
		{37BF91AE-F546-414C-89A7-D73035CBA750}.Release|ARM.ActiveCfg = Release|Any CPU
		{37BF91AE-F546-414C-89A7-D73035CBA750}.Release|ARM.Build.0 = Release|Any CPU
		{37BF91AE-F546-414C-89A7-D73035CBA750}.Release|ARM64.ActiveCfg = Release|Any CPU
		{37BF91AE-F546-414C-89A7-D73035CBA750}.Release|ARM64.Build.0 = Release|Any CPU
		{37BF91AE-F546-414C-89A7-D73035CBA750}.Release|x64.ActiveCfg = Release|Any CPU
		{37BF91AE-F546-414C-89A7-D73035CBA750}.Release|x64.Build.0 = Release|Any CPU
		{37BF91AE-F546-414C-89A7-D73035CBA750}.Release|x86.ActiveCfg = Release|Any CPU
		{37BF91AE-F546-414C-89A7-D73035CBA750}.Release|x86.Build.0 = Release|Any CPU
		{EC4BBBB7-FDA0-4B9A-B750-2B3E9D68DD31}.Debug|Any CPU.ActiveCfg = Debug|x86
		{EC4BBBB7-FDA0-4B9A-B750-2B3E9D68DD31}.Debug|Any CPU.Build.0 = Debug|x86
		{EC4BBBB7-FDA0-4B9A-B750-2B3E9D68DD31}.Debug|Any CPU.Deploy.0 = Debug|x86
		{EC4BBBB7-FDA0-4B9A-B750-2B3E9D68DD31}.Debug|ARM.ActiveCfg = Debug|ARM
		{EC4BBBB7-FDA0-4B9A-B750-2B3E9D68DD31}.Debug|ARM.Build.0 = Debug|ARM
		{EC4BBBB7-FDA0-4B9A-B750-2B3E9D68DD31}.Debug|ARM.Deploy.0 = Debug|ARM
		{EC4BBBB7-FDA0-4B9A-B750-2B3E9D68DD31}.Debug|ARM64.ActiveCfg = Debug|ARM64
		{EC4BBBB7-FDA0-4B9A-B750-2B3E9D68DD31}.Debug|ARM64.Build.0 = Debug|ARM64
		{EC4BBBB7-FDA0-4B9A-B750-2B3E9D68DD31}.Debug|ARM64.Deploy.0 = Debug|ARM64
		{EC4BBBB7-FDA0-4B9A-B750-2B3E9D68DD31}.Debug|x64.ActiveCfg = Debug|x64
		{EC4BBBB7-FDA0-4B9A-B750-2B3E9D68DD31}.Debug|x64.Build.0 = Debug|x64
		{EC4BBBB7-FDA0-4B9A-B750-2B3E9D68DD31}.Debug|x64.Deploy.0 = Debug|x64
		{EC4BBBB7-FDA0-4B9A-B750-2B3E9D68DD31}.Debug|x86.ActiveCfg = Debug|x86
		{EC4BBBB7-FDA0-4B9A-B750-2B3E9D68DD31}.Debug|x86.Build.0 = Debug|x86
		{EC4BBBB7-FDA0-4B9A-B750-2B3E9D68DD31}.Debug|x86.Deploy.0 = Debug|x86
		{EC4BBBB7-FDA0-4B9A-B750-2B3E9D68DD31}.Release|Any CPU.ActiveCfg = Release|x86
		{EC4BBBB7-FDA0-4B9A-B750-2B3E9D68DD31}.Release|ARM.ActiveCfg = Release|ARM
		{EC4BBBB7-FDA0-4B9A-B750-2B3E9D68DD31}.Release|ARM.Build.0 = Release|ARM
		{EC4BBBB7-FDA0-4B9A-B750-2B3E9D68DD31}.Release|ARM.Deploy.0 = Release|ARM
		{EC4BBBB7-FDA0-4B9A-B750-2B3E9D68DD31}.Release|ARM64.ActiveCfg = Release|ARM64
		{EC4BBBB7-FDA0-4B9A-B750-2B3E9D68DD31}.Release|ARM64.Build.0 = Release|ARM64
		{EC4BBBB7-FDA0-4B9A-B750-2B3E9D68DD31}.Release|ARM64.Deploy.0 = Release|ARM64
		{EC4BBBB7-FDA0-4B9A-B750-2B3E9D68DD31}.Release|x64.ActiveCfg = Release|x64
		{EC4BBBB7-FDA0-4B9A-B750-2B3E9D68DD31}.Release|x64.Build.0 = Release|x64
		{EC4BBBB7-FDA0-4B9A-B750-2B3E9D68DD31}.Release|x64.Deploy.0 = Release|x64
		{EC4BBBB7-FDA0-4B9A-B750-2B3E9D68DD31}.Release|x86.ActiveCfg = Release|x86
		{EC4BBBB7-FDA0-4B9A-B750-2B3E9D68DD31}.Release|x86.Build.0 = Release|x86
		{EC4BBBB7-FDA0-4B9A-B750-2B3E9D68DD31}.Release|x86.Deploy.0 = Release|x86
	EndGlobalSection
	GlobalSection(SolutionProperties) = preSolution
		HideSolutionNode = FALSE
	EndGlobalSection
	GlobalSection(NestedProjects) = preSolution
		{0E4A2921-C99D-4815-93EC-3BD9026B0F04} = {C6F59962-F04E-4FE6-95E8-B8E8E3CCC523}
		{4A510004-F9C4-40A5-AE8F-1082BE08F84C} = {C6F59962-F04E-4FE6-95E8-B8E8E3CCC523}
		{37BF91AE-F546-414C-89A7-D73035CBA750} = {C6F59962-F04E-4FE6-95E8-B8E8E3CCC523}
		{EC4BBBB7-FDA0-4B9A-B750-2B3E9D68DD31} = {C6F59962-F04E-4FE6-95E8-B8E8E3CCC523}
	EndGlobalSection
	GlobalSection(ExtensibilityGlobals) = postSolution
		SolutionGuid = {D3EB5409-E525-464E-A3FC-E241A1F78163}
	EndGlobalSection
EndGlobal
