
Microsoft Visual Studio Solution File, Format Version 12.00
# Visual Studio Version 16
VisualStudioVersion = 16.0.30114.128
MinimumVisualStudioVersion = 10.0.40219.1
Project("{2150E333-8FDC-42A3-9474-1A3956D46DE8}") = "Solution Items", "Solution Items", "{C6F59962-F04E-4FE6-95E8-B8E8E3CCC523}"
	ProjectSection(SolutionItems) = preProject
		DDD1.sln.vsspell = DDD1.sln.vsspell
	EndProjectSection
EndProject
Project("{2150E333-8FDC-42A3-9474-1A3956D46DE8}") = "Presentation", "Presentation", "{1E8CFC05-18D5-4659-BA6E-CCA38410E6D6}"
EndProject
Project("{2150E333-8FDC-42A3-9474-1A3956D46DE8}") = "Application", "Application", "{FEFF3803-725C-4F99-A133-B012EEAF2FE1}"
EndProject
Project("{2150E333-8FDC-42A3-9474-1A3956D46DE8}") = "Domain", "Domain", "{F3F866B7-BDFB-48CB-9025-0B7DCAA92DFC}"
EndProject
Project("{2150E333-8FDC-42A3-9474-1A3956D46DE8}") = "Persistence", "Persistence", "{94885F88-EE51-4078-8F5C-CF52FD8E2699}"
EndProject
Project("{2150E333-8FDC-42A3-9474-1A3956D46DE8}") = "Infrastructure", "Infrastructure", "{478179EE-45A0-4232-A730-B82C784185E3}"
EndProject
Project("{2150E333-8FDC-42A3-9474-1A3956D46DE8}") = "Common", "Common", "{D1EC4356-1E2D-4129-8C01-C2A76990583C}"
EndProject
Project("{2150E333-8FDC-42A3-9474-1A3956D46DE8}") = "Specification", "Specification", "{2592AAAA-49DB-4F61-8884-EAB366D04D47}"
EndProject
Global
	GlobalSection(SolutionProperties) = preSolution
		HideSolutionNode = FALSE
	EndGlobalSection
	GlobalSection(NestedProjects) = preSolution
		{1E8CFC05-18D5-4659-BA6E-CCA38410E6D6} = {C6F59962-F04E-4FE6-95E8-B8E8E3CCC523}
		{FEFF3803-725C-4F99-A133-B012EEAF2FE1} = {C6F59962-F04E-4FE6-95E8-B8E8E3CCC523}
		{F3F866B7-BDFB-48CB-9025-0B7DCAA92DFC} = {C6F59962-F04E-4FE6-95E8-B8E8E3CCC523}
		{94885F88-EE51-4078-8F5C-CF52FD8E2699} = {C6F59962-F04E-4FE6-95E8-B8E8E3CCC523}
		{478179EE-45A0-4232-A730-B82C784185E3} = {C6F59962-F04E-4FE6-95E8-B8E8E3CCC523}
		{D1EC4356-1E2D-4129-8C01-C2A76990583C} = {C6F59962-F04E-4FE6-95E8-B8E8E3CCC523}
		{2592AAAA-49DB-4F61-8884-EAB366D04D47} = {C6F59962-F04E-4FE6-95E8-B8E8E3CCC523}
	EndGlobalSection
	GlobalSection(ExtensibilityGlobals) = postSolution
		SolutionGuid = {D3EB5409-E525-464E-A3FC-E241A1F78163}
	EndGlobalSection
EndGlobal
